
Microsoft Visual Studio Solution File, Format Version 12.00
# Visual Studio Version 17
VisualStudioVersion = 17.3.32804.467
MinimumVisualStudioVersion = 10.0.40219.1
Project("{FAE04EC0-301F-11D3-BF4B-00C04F79EFBC}") = "HowTo_ExtendListClass_RotateAList", "HowTo_ExtendListClass_RotateAList\HowTo_ExtendListClass_RotateAList.csproj", "{0B6BD990-3EBE-4CA1-BDEB-E2610594955A}"
EndProject
Global
	GlobalSection(SolutionConfigurationPlatforms) = preSolution
		Debug|Any CPU = Debug|Any CPU
		Release|Any CPU = Release|Any CPU
	EndGlobalSection
	GlobalSection(ProjectConfigurationPlatforms) = postSolution
		{0B6BD990-3EBE-4CA1-BDEB-E2610594955A}.Debug|Any CPU.ActiveCfg = Debug|Any CPU
		{0B6BD990-3EBE-4CA1-BDEB-E2610594955A}.Debug|Any CPU.Build.0 = Debug|Any CPU
		{0B6BD990-3EBE-4CA1-BDEB-E2610594955A}.Release|Any CPU.ActiveCfg = Release|Any CPU
		{0B6BD990-3EBE-4CA1-BDEB-E2610594955A}.Release|Any CPU.Build.0 = Release|Any CPU
	EndGlobalSection
	GlobalSection(SolutionProperties) = preSolution
		HideSolutionNode = FALSE
	EndGlobalSection
	GlobalSection(ExtensibilityGlobals) = postSolution
		SolutionGuid = {C32DC63C-5153-4A36-A0B3-4858C320E167}
	EndGlobalSection
EndGlobal
